{
  "version": 4,
  "terraform_version": "1.8.3",
  "serial": 4,
  "lineage": "6c7eb87e-61b3-087c-093d-736f5d786be7",
  "outputs": {
    "tf_version": {
      "value": "Terraform v1.8.3\non windows_amd64",
      "type": "string"
    },
    "time0": {
      "value": "Sun, Jun 30, 2024  3:23:15 PM\n",
      "type": "string"
    },
    "time1": {
      "value": "Sun, Jun 30, 2024  3:23:15 PM\n",
      "type": "string"
    }
  },
  "resources": [
    {
      "mode": "data",
      "type": "local_file",
      "name": "source_tf_version",
      "provider": "provider[\"registry.terraform.io/hashicorp/local\"]",
      "instances": [
        {
          "schema_version": 0,
          "attributes": {
            "content": "Terraform v1.8.3\non windows_amd64",
            "content_base64": "VGVycmFmb3JtIHYxLjguMwpvbiB3aW5kb3dzX2FtZDY0",
            "content_base64sha256": "Cnnyz3sjuOzfNP45Y2kHHJ7jvJkPAlYF3CcPc7WcUYM=",
            "content_base64sha512": "LPR3DSmba/0oyRJ59VqngqdgpM3uXdpNYRWrHfA4+ndTrG/XF9DNEyen3+E8hEAp+MKCxpgCRPidgCt/Gxipkw==",
            "content_md5": "9daeb66102695ce1ad29151a417829ec",
            "content_sha1": "2ef771d489c99c23ddb03773286692c0dd7b4611",
            "content_sha256": "0a79f2cf7b23b8ecdf34fe396369071c9ee3bc990f025605dc270f73b59c5183",
            "content_sha512": "2cf4770d299b6bfd28c91279f55aa782a760a4cdee5dda4d6115ab1df038fa7753ac6fd717d0cd1327a7dfe13c844029f8c282c6980244f89d802b7f1b18a993",
            "filename": "./source1.txt",
            "id": "2ef771d489c99c23ddb03773286692c0dd7b4611"
          },
          "sensitive_attributes": []
        }
      ]
    },
    {
      "mode": "data",
      "type": "local_file",
      "name": "source_time",
      "provider": "provider[\"registry.terraform.io/hashicorp/local\"]",
      "instances": [
        {
          "schema_version": 0,
          "attributes": {
            "content": "Sun, Jun 30, 2024  3:23:15 PM\n",
            "content_base64": "U3VuLCBKdW4gMzAsIDIwMjQgIDM6MjM6MTUgUE0K",
            "content_base64sha256": "0Z0ICUkKAOjJaiYKdEv1F6wfDz7gZTtWjeF25Jjn5Sg=",
            "content_base64sha512": "vrMe31nKcbQYQounyNxf/v6idmakqpzfMgiUjmIyY0vTECOWxAbzyUi3l9hCxeuWPf4MLpAuoIrGEw0cx+KvyA==",
            "content_md5": "0fa9d60d2b1048944e72920668e46b73",
            "content_sha1": "11794cf2baa179b348df8d87d31cd5cc24cb226a",
            "content_sha256": "d19d0809490a00e8c96a260a744bf517ac1f0f3ee0653b568de176e498e7e528",
            "content_sha512": "beb31edf59ca71b418428ba7c8dc5ffefea27666a4aa9cdf3208948e6232634bd3102396c406f3c948b797d842c5eb963dfe0c2e902ea08ac6130d1cc7e2afc8",
            "filename": "./source0.txt",
            "id": "11794cf2baa179b348df8d87d31cd5cc24cb226a"
          },
          "sensitive_attributes": []
        }
      ]
    },
    {
      "mode": "managed",
      "type": "local_file",
      "name": "tf_version",
      "provider": "provider[\"registry.terraform.io/hashicorp/local\"]",
      "instances": [
        {
          "schema_version": 0,
          "attributes": {
            "content": "Terraform v1.8.3\non windows_amd64",
            "content_base64": null,
            "content_base64sha256": "Cnnyz3sjuOzfNP45Y2kHHJ7jvJkPAlYF3CcPc7WcUYM=",
            "content_base64sha512": "LPR3DSmba/0oyRJ59VqngqdgpM3uXdpNYRWrHfA4+ndTrG/XF9DNEyen3+E8hEAp+MKCxpgCRPidgCt/Gxipkw==",
            "content_md5": "9daeb66102695ce1ad29151a417829ec",
            "content_sha1": "2ef771d489c99c23ddb03773286692c0dd7b4611",
            "content_sha256": "0a79f2cf7b23b8ecdf34fe396369071c9ee3bc990f025605dc270f73b59c5183",
            "content_sha512": "2cf4770d299b6bfd28c91279f55aa782a760a4cdee5dda4d6115ab1df038fa7753ac6fd717d0cd1327a7dfe13c844029f8c282c6980244f89d802b7f1b18a993",
            "directory_permission": "0777",
            "file_permission": "0777",
            "filename": "./tf_version.txt",
            "id": "2ef771d489c99c23ddb03773286692c0dd7b4611",
            "sensitive_content": null,
            "source": null
          },
          "sensitive_attributes": [
            [
              {
                "type": "get_attr",
                "value": "sensitive_content"
              }
            ]
          ],
          "dependencies": [
            "data.local_file.source_tf_version"
          ]
        }
      ]
    },
    {
      "mode": "managed",
      "type": "local_file",
      "name": "time0",
      "provider": "provider[\"registry.terraform.io/hashicorp/local\"]",
      "instances": [
        {
          "schema_version": 0,
          "attributes": {
            "content": "Sun, Jun 30, 2024  3:23:15 PM\n",
            "content_base64": null,
            "content_base64sha256": "0Z0ICUkKAOjJaiYKdEv1F6wfDz7gZTtWjeF25Jjn5Sg=",
            "content_base64sha512": "vrMe31nKcbQYQounyNxf/v6idmakqpzfMgiUjmIyY0vTECOWxAbzyUi3l9hCxeuWPf4MLpAuoIrGEw0cx+KvyA==",
            "content_md5": "0fa9d60d2b1048944e72920668e46b73",
            "content_sha1": "11794cf2baa179b348df8d87d31cd5cc24cb226a",
            "content_sha256": "d19d0809490a00e8c96a260a744bf517ac1f0f3ee0653b568de176e498e7e528",
            "content_sha512": "beb31edf59ca71b418428ba7c8dc5ffefea27666a4aa9cdf3208948e6232634bd3102396c406f3c948b797d842c5eb963dfe0c2e902ea08ac6130d1cc7e2afc8",
            "directory_permission": "0777",
            "file_permission": "0777",
            "filename": "./time0.txt",
            "id": "11794cf2baa179b348df8d87d31cd5cc24cb226a",
            "sensitive_content": null,
            "source": null
          },
          "sensitive_attributes": [
            [
              {
                "type": "get_attr",
                "value": "sensitive_content"
              }
            ]
          ],
          "dependencies": [
            "data.local_file.source_time"
          ]
        }
      ]
    },
    {
      "mode": "managed",
      "type": "local_file",
      "name": "time1",
      "provider": "provider[\"registry.terraform.io/hashicorp/local\"]",
      "instances": [
        {
          "schema_version": 0,
          "attributes": {
            "content": "Sun, Jun 30, 2024  3:23:15 PM\n",
            "content_base64": null,
            "content_base64sha256": "0Z0ICUkKAOjJaiYKdEv1F6wfDz7gZTtWjeF25Jjn5Sg=",
            "content_base64sha512": "vrMe31nKcbQYQounyNxf/v6idmakqpzfMgiUjmIyY0vTECOWxAbzyUi3l9hCxeuWPf4MLpAuoIrGEw0cx+KvyA==",
            "content_md5": "0fa9d60d2b1048944e72920668e46b73",
            "content_sha1": "11794cf2baa179b348df8d87d31cd5cc24cb226a",
            "content_sha256": "d19d0809490a00e8c96a260a744bf517ac1f0f3ee0653b568de176e498e7e528",
            "content_sha512": "beb31edf59ca71b418428ba7c8dc5ffefea27666a4aa9cdf3208948e6232634bd3102396c406f3c948b797d842c5eb963dfe0c2e902ea08ac6130d1cc7e2afc8",
            "directory_permission": "0777",
            "file_permission": "0777",
            "filename": "./time1.txt",
            "id": "11794cf2baa179b348df8d87d31cd5cc24cb226a",
            "sensitive_content": null,
            "source": null
          },
          "sensitive_attributes": [
            [
              {
                "type": "get_attr",
                "value": "sensitive_content"
              }
            ]
          ],
          "dependencies": [
            "data.local_file.source_time"
          ]
        }
      ]
    }
  ],
  "check_results": null
}
