{
  "version": 4,
  "terraform_version": "1.8.3",
  "serial": 3,
  "lineage": "8268c0b0-cd57-aea7-bc90-0513bc093faa",
  "outputs": {
    "ip_addresses": {
      "value": "4135709fbbf35a7453ce3dd3bd6bd1802c1caed9",
      "type": "string"
    },
    "personal_info": {
      "value": "4695e1ffd53fb7c371d12a60361998e521a50dc3",
      "type": "string"
    },
    "unique_ids": {
      "value": "0a47eceafece5d2ef5669a7c0d6e1b38baa9d603",
      "type": "string"
    }
  },
  "resources": [
    {
      "mode": "managed",
      "type": "local_file",
      "name": "ip_addresses",
      "provider": "provider[\"registry.terraform.io/hashicorp/local\"]",
      "instances": [
        {
          "schema_version": 0,
          "attributes": {
            "content": "192.168.1.1\n192.168.1.2\n192.168.1.3",
            "content_base64": null,
            "content_base64sha256": "JFOQ/RRXFFVQVRHaSU2erBhe6MYyzT176l7LZdtq1ZA=",
            "content_base64sha512": "Z4cz0H/TsQ3PSLpDzuIy7ZTJ8Fi5NLeDlbiWevFb/Kj3d8B3ZPlEeV9F/t6Jtuaj470gHBM36ralxacgeyXHPw==",
            "content_md5": "b2cfb97fc035cfe24cca4ba022b361c8",
            "content_sha1": "4135709fbbf35a7453ce3dd3bd6bd1802c1caed9",
            "content_sha256": "245390fd14571455505511da494d9eac185ee8c632cd3d7bea5ecb65db6ad590",
            "content_sha512": "678733d07fd3b10dcf48ba43cee232ed94c9f058b934b78395b8967af15bfca8f777c07764f944795f45fede89b6e6a3e3bd201c1337eab6a5c5a7207b25c73f",
            "directory_permission": "0777",
            "file_permission": "700",
            "filename": "./ip_addresses.txt",
            "id": "4135709fbbf35a7453ce3dd3bd6bd1802c1caed9",
            "sensitive_content": null,
            "source": null
          },
          "sensitive_attributes": [
            [
              {
                "type": "get_attr",
                "value": "sensitive_content"
              }
            ]
          ]
        }
      ]
    },
    {
      "mode": "managed",
      "type": "local_file",
      "name": "unique_ids",
      "provider": "provider[\"registry.terraform.io/hashicorp/local\"]",
      "instances": [
        {
          "schema_version": 0,
          "attributes": {
            "content": "UID123\nUID456\nUID789",
            "content_base64": null,
            "content_base64sha256": "xyh6VjgZvV9z+gBYXDHcEwCaZ+DsGOoBA1dJD4+ogJg=",
            "content_base64sha512": "io1pIvkG6EOgk2VBLzgs4VWIgCtVpJAYlts8xO3xUOtlItgM2htvu04v3G/3fx+fEK6fmNHiJlfCb83mKPG6oA==",
            "content_md5": "a868aff5811054c44beeaf9243969d57",
            "content_sha1": "0a47eceafece5d2ef5669a7c0d6e1b38baa9d603",
            "content_sha256": "c7287a563819bd5f73fa00585c31dc13009a67e0ec18ea010357490f8fa88098",
            "content_sha512": "8a8d6922f906e843a09365412f382ce15588802b55a4901896db3cc4edf150eb6522d80cda1b6fbb4e2fdc6ff77f1f9f10ae9f98d1e22657c26fcde628f1baa0",
            "directory_permission": "0777",
            "file_permission": "700",
            "filename": "./unique_ids.txt",
            "id": "0a47eceafece5d2ef5669a7c0d6e1b38baa9d603",
            "sensitive_content": null,
            "source": null
          },
          "sensitive_attributes": [
            [
              {
                "type": "get_attr",
                "value": "sensitive_content"
              }
            ]
          ]
        }
      ]
    }
  ],
  "check_results": null
}
