{
  "version": 4,
  "terraform_version": "1.8.3",
  "serial": 22,
  "lineage": "2cd4b839-8700-9aea-dd89-6339d3753c9a",
  "outputs": {},
  "resources": [
    {
      "mode": "managed",
      "type": "local_file",
      "name": "backup",
      "provider": "provider[\"registry.terraform.io/hashicorp/local\"]",
      "instances": [
        {
          "index_key": 0,
          "schema_version": 0,
          "attributes": {
            "content": "da39a3ee5e6b4b0d3255bfef95601890afd80709:1",
            "content_base64": null,
            "content_base64sha256": "qL4hN4lh234YwNxAfOmFcoSZm//j/5/m5n+3dy6H1ZA=",
            "content_base64sha512": "IxzYoEoIZ+eXklp+sSXKTdQeQX17FUHr+4JOLnvLQjiiETNelhhh3SDBb0XxPS7cnMn4UZtD4gw7HGdLzvJiiw==",
            "content_md5": "c03f46b608527f36de6a7c580def1d92",
            "content_sha1": "04cd798ed13736fbd1d2f45cdc8d05da0d463efd",
            "content_sha256": "a8be21378961db7e18c0dc407ce9857284999bffe3ff9fe6e67fb7772e87d590",
            "content_sha512": "231cd8a04a0867e797925a7eb125ca4dd41e417d7b1541ebfb824e2e7bcb4238a211335e961861dd20c16f45f13d2edc9cc9f8519b43e20c3b1c674bcef2628b",
            "directory_permission": "0777",
            "file_permission": "0777",
            "filename": "./backup1.txt",
            "id": "04cd798ed13736fbd1d2f45cdc8d05da0d463efd",
            "sensitive_content": null,
            "source": null
          },
          "sensitive_attributes": [
            [
              {
                "type": "get_attr",
                "value": "sensitive_content"
              }
            ]
          ],
          "dependencies": [
            "local_file.log"
          ]
        },
        {
          "index_key": 1,
          "schema_version": 0,
          "attributes": {
            "content": "da39a3ee5e6b4b0d3255bfef95601890afd80709:2",
            "content_base64": null,
            "content_base64sha256": "UBoS628SJFZzztsHiL7foO/wey3mB1hJJgBz1ODeJ1U=",
            "content_base64sha512": "13xfB3HiizSAR9oWK1KpN1iL3S845as0X1MslJUMqeFErUMern9SQ9qzZ/fPNWReLmkxCoY2s0z9sI2wxMoGCw==",
            "content_md5": "2332c617ae1a04d8a3eb7f50ce27e3a8",
            "content_sha1": "3587fc49a0d5c0c268d53124b7b9b3d82e7fabcf",
            "content_sha256": "501a12eb6f12245673cedb0788bedfa0eff07b2de6075849260073d4e0de2755",
            "content_sha512": "d77c5f0771e28b348047da162b52a937588bdd2f38e5ab345f532c94950ca9e144ad431eae7f5243dab367f7cf35645e2e69310a8636b34cfdb08db0c4ca060b",
            "directory_permission": "0777",
            "file_permission": "0777",
            "filename": "./backup2.txt",
            "id": "3587fc49a0d5c0c268d53124b7b9b3d82e7fabcf",
            "sensitive_content": null,
            "source": null
          },
          "sensitive_attributes": [
            [
              {
                "type": "get_attr",
                "value": "sensitive_content"
              }
            ]
          ],
          "dependencies": [
            "local_file.log"
          ]
        },
        {
          "index_key": 2,
          "schema_version": 0,
          "attributes": {
            "content": "da39a3ee5e6b4b0d3255bfef95601890afd80709:3",
            "content_base64": null,
            "content_base64sha256": "b8zg8dq8YQVdXIJU75FcR3s0SVIAHy0XWukeLyOC4dU=",
            "content_base64sha512": "Qb/ew1xFLqcPUU1M7dOOsC48P/9kGzVQC5llnL2JUhz0r6oNlE/h5CfbHJSz6H4SUZoFxeGY3BmGNkDoeOAkSw==",
            "content_md5": "37e1dd30c3f970213fabdcbc173ad69c",
            "content_sha1": "3f69d104cd18e76595d1a462723bca69cc85bbda",
            "content_sha256": "6fcce0f1dabc61055d5c8254ef915c477b344952001f2d175ae91e2f2382e1d5",
            "content_sha512": "41bfdec35c452ea70f514d4cedd38eb02e3c3fff641b35500b99659cbd89521cf4afaa0d944fe1e427db1c94b3e87e12519a05c5e198dc19863640e878e0244b",
            "directory_permission": "0777",
            "file_permission": "0777",
            "filename": "./backup3.txt",
            "id": "3f69d104cd18e76595d1a462723bca69cc85bbda",
            "sensitive_content": null,
            "source": null
          },
          "sensitive_attributes": [
            [
              {
                "type": "get_attr",
                "value": "sensitive_content"
              }
            ]
          ],
          "dependencies": [
            "local_file.log"
          ]
        }
      ]
    },
    {
      "mode": "managed",
      "type": "local_file",
      "name": "log",
      "provider": "provider[\"registry.terraform.io/hashicorp/local\"]",
      "instances": [
        {
          "schema_version": 0,
          "attributes": {
            "content": "",
            "content_base64": null,
            "content_base64sha256": "47DEQpj8HBSa+/TImW+5JCeuQeRkm5NMpJWZG3hSuFU=",
            "content_base64sha512": "z4PhNX7vuL3xVChQ1m2AB9Yg5AULVxXcg/SpIdNs6c5H0NE8XYXysP+DGNKHfuwvY7kxvUdBeoGlODJ6+SfaPg==",
            "content_md5": "d41d8cd98f00b204e9800998ecf8427e",
            "content_sha1": "da39a3ee5e6b4b0d3255bfef95601890afd80709",
            "content_sha256": "e3b0c44298fc1c149afbf4c8996fb92427ae41e4649b934ca495991b7852b855",
            "content_sha512": "cf83e1357eefb8bdf1542850d66d8007d620e4050b5715dc83f4a921d36ce9ce47d0d13c5d85f2b0ff8318d2877eec2f63b931bd47417a81a538327af927da3e",
            "directory_permission": "0777",
            "file_permission": "0777",
            "filename": "./log.txt",
            "id": "da39a3ee5e6b4b0d3255bfef95601890afd80709",
            "sensitive_content": null,
            "source": null
          },
          "sensitive_attributes": [
            [
              {
                "type": "get_attr",
                "value": "sensitive_content"
              }
            ]
          ]
        }
      ]
    },
    {
      "mode": "managed",
      "type": "local_file",
      "name": "unique_files",
      "provider": "provider[\"registry.terraform.io/hashicorp/local\"]",
      "instances": [
        {
          "index_key": "alfa",
          "schema_version": 0,
          "attributes": {
            "content": "Content for alfa",
            "content_base64": null,
            "content_base64sha256": "1SqF+ENNE/EcTgSvQmBBHtl2fgCCGM/jpQvFk76xTfU=",
            "content_base64sha512": "5AV5Td7M//LyUOeu1vBKlhM7Y4aMehL1Sx7r0zc8gcknDYb/+zrKShOYw15H7CbAlWdQ133UErW43hBDiHne5Q==",
            "content_md5": "2d9d71c932632b67ed9e1a629698bb45",
            "content_sha1": "6bab9651b1007e2faba856cf50b470c9572daff8",
            "content_sha256": "d52a85f8434d13f11c4e04af4260411ed9767e008218cfe3a50bc593beb14df5",
            "content_sha512": "e405794ddeccfff2f250e7aed6f04a96133b63868c7a12f54b1eebd3373c81c9270d86fffb3aca4a1398c35e47ec26c0956750d77dd412b5b8de10438879dee5",
            "directory_permission": "0777",
            "file_permission": "0777",
            "filename": "./alfa.txt",
            "id": "6bab9651b1007e2faba856cf50b470c9572daff8",
            "sensitive_content": null,
            "source": null
          },
          "sensitive_attributes": [
            [
              {
                "type": "get_attr",
                "value": "sensitive_content"
              }
            ]
          ]
        },
        {
          "index_key": "beta",
          "schema_version": 0,
          "attributes": {
            "content": "Content for beta",
            "content_base64": null,
            "content_base64sha256": "dsUCVns+R8X7koNgb1bKVq90YjyLGTNeiZjheKWmQAU=",
            "content_base64sha512": "SUcLnNjpMGj7fX+Jmi7Cxgmn8i0ySKXUzEVrKrsvBa4Q5KZypbgQY8ti2YUJBWKfHxz1yQquBhqrWR/evkQuCg==",
            "content_md5": "cd6319381f0dc50da8cc4e2907b64a02",
            "content_sha1": "2c83769f103d3df92929890381a4f0bdda1c9e87",
            "content_sha256": "76c502567b3e47c5fb9283606f56ca56af74623c8b19335e8998e178a5a64005",
            "content_sha512": "49470b9cd8e93068fb7d7f899a2ec2c609a7f22d3248a5d4cc456b2abb2f05ae10e4a672a5b81063cb62d9850905629f1f1cf5c90aae061aab591fdebe442e0a",
            "directory_permission": "0777",
            "file_permission": "0777",
            "filename": "./beta.txt",
            "id": "2c83769f103d3df92929890381a4f0bdda1c9e87",
            "sensitive_content": null,
            "source": null
          },
          "sensitive_attributes": [
            [
              {
                "type": "get_attr",
                "value": "sensitive_content"
              }
            ]
          ]
        },
        {
          "index_key": "delta",
          "schema_version": 0,
          "attributes": {
            "content": "Content for delta",
            "content_base64": null,
            "content_base64sha256": "4nr+Uvxm8cgZBXzknxzepas0Zk29xMm5bXF7bVOQ5HY=",
            "content_base64sha512": "rVmdEEDLeIfVVj9bcioZ6RNNVe+PKAO607adhDO2CaeIXBlXGCtu4UXZJvMdT/43hGXsXtcFT3VnkEkfnp+eAw==",
            "content_md5": "bcb01339c9b87088fcc9953f5acfbbea",
            "content_sha1": "8e0a65b5ba26c6c5454feb89928b9a9d7bc4442a",
            "content_sha256": "e27afe52fc66f1c819057ce49f1cdea5ab34664dbdc4c9b96d717b6d5390e476",
            "content_sha512": "ad599d1040cb7887d5563f5b722a19e9134d55ef8f2803bad3b69d8433b609a7885c1957182b6ee145d926f31d4ffe378465ec5ed7054f756790491f9e9f9e03",
            "directory_permission": "0777",
            "file_permission": "0777",
            "filename": "./delta.txt",
            "id": "8e0a65b5ba26c6c5454feb89928b9a9d7bc4442a",
            "sensitive_content": null,
            "source": null
          },
          "sensitive_attributes": [
            [
              {
                "type": "get_attr",
                "value": "sensitive_content"
              }
            ]
          ]
        },
        {
          "index_key": "epsilon",
          "schema_version": 0,
          "attributes": {
            "content": "Content for epsilon",
            "content_base64": null,
            "content_base64sha256": "uhcfxyDYTWZYL0uxTgKunfQAL7VqnAycmllOmH9Llj4=",
            "content_base64sha512": "j7ZDeg4Wq/Et8eQdQq7FRSuNuGXS5UQhbpt3dKxkSdWNnHjVQfOELY8xeP/ozmw2Zy0ADDtcNvpl9YZ0OaSn7g==",
            "content_md5": "19daa12d82dfae0379324a81e5eafed8",
            "content_sha1": "c2ea1ef3b623bcd58074cea0a45d0f4ad5859621",
            "content_sha256": "ba171fc720d84d66582f4bb14e02ae9df4002fb56a9c0c9c9a594e987f4b963e",
            "content_sha512": "8fb6437a0e16abf12df1e41d42aec5452b8db865d2e544216e9b7774ac6449d58d9c78d541f3842d8f3178ffe8ce6c36672d000c3b5c36fa65f5867439a4a7ee",
            "directory_permission": "0777",
            "file_permission": "0777",
            "filename": "./epsilon.txt",
            "id": "c2ea1ef3b623bcd58074cea0a45d0f4ad5859621",
            "sensitive_content": null,
            "source": null
          },
          "sensitive_attributes": [
            [
              {
                "type": "get_attr",
                "value": "sensitive_content"
              }
            ]
          ]
        },
        {
          "index_key": "gama",
          "schema_version": 0,
          "attributes": {
            "content": "Content for gama",
            "content_base64": null,
            "content_base64sha256": "MRkk9jSR7z6viU2LNKOMqw+U1ZSbOZFj0z2Gb62zSdI=",
            "content_base64sha512": "dXrHnMIEzueWSHnk3Z+Jp8wrkKTD3tZg3iBABbekBBedfunys52Db9y0FZQZVV8ItIqOSlb2Fcf6obFfudmGXw==",
            "content_md5": "370ed5718d66f6b92304d4848147c313",
            "content_sha1": "a510491355a77b92bdb97cfa05a9b7e1707044e3",
            "content_sha256": "311924f63491ef3eaf894d8b34a38cab0f94d5949b399163d33d866fadb349d2",
            "content_sha512": "757ac79cc204cee7964879e4dd9f89a7cc2b90a4c3ded660de204005b7a404179d7ee9f2b39d836fdcb4159419555f08b48a8e4a56f615c7faa1b15fb9d9865f",
            "directory_permission": "0777",
            "file_permission": "0777",
            "filename": "./gama.txt",
            "id": "a510491355a77b92bdb97cfa05a9b7e1707044e3",
            "sensitive_content": null,
            "source": null
          },
          "sensitive_attributes": [
            [
              {
                "type": "get_attr",
                "value": "sensitive_content"
              }
            ]
          ]
        }
      ]
    }
  ],
  "check_results": null
}
