{
  "version": 4,
  "terraform_version": "1.8.3",
  "serial": 2,
  "lineage": "d9216865-8f12-b24d-958c-9be1521cb7f2",
  "outputs": {
    "cloud_users_list": {
      "value": [
        "andrew",
        "ken",
        "faraz",
        "mutsumi",
        "peter",
        "steve",
        "braja"
      ],
      "type": [
        "list",
        "string"
      ]
    },
    "media_length": {
      "value": 5,
      "type": "number"
    },
    "media_random": {
      "value": "/media/knuckles.jpg",
      "type": "string"
    },
    "random_num": {
      "value": {
        "id": "1",
        "keepers": {
          "list": "5"
        },
        "max": 5,
        "min": 0,
        "result": 1,
        "seed": null
      },
      "type": [
        "object",
        {
          "id": "string",
          "keepers": [
            "map",
            "string"
          ],
          "max": "number",
          "min": "number",
          "result": "number",
          "seed": "string"
        }
      ]
    }
  },
  "resources": [
    {
      "mode": "managed",
      "type": "random_integer",
      "name": "random_num",
      "provider": "provider[\"registry.terraform.io/hashicorp/random\"]",
      "instances": [
        {
          "schema_version": 0,
          "attributes": {
            "id": "1",
            "keepers": {
              "list": "5"
            },
            "max": 5,
            "min": 0,
            "result": 1,
            "seed": null
          },
          "sensitive_attributes": []
        }
      ]
    }
  ],
  "check_results": null
}
